// !$*UTF8*$!
{
	archiveVersion = 1;
	classes = {
	};
	objectVersion = 50;
	objects = {

/* Begin PBXBuildFile section */
		302D67E5B4282F6E60BFEE5E /* Pods_VelaSDK_VelaSDKTests.framework in Frameworks */ = {isa = PBXBuildFile; fileRef = BE675EC927BFDCA2CF9A68B8 /* Pods_VelaSDK_VelaSDKTests.framework */; };
		9219DD0221F0B4180057E739 /* LICENCE in Resources */ = {isa = PBXBuildFile; fileRef = 9219DD0121F0B4180057E739 /* LICENCE */; };
		921FF49521BC6BFD00FCA806 /* VelaSDK.framework in Frameworks */ = {isa = PBXBuildFile; fileRef = 921FF48B21BC6BFD00FCA806 /* VelaSDK.framework */; };
		921FF49A21BC6BFD00FCA806 /* VelaSDKTests.swift in Sources */ = {isa = PBXBuildFile; fileRef = 921FF49921BC6BFD00FCA806 /* VelaSDKTests.swift */; };
		921FF49C21BC6BFD00FCA806 /* VelaSDK.h in Headers */ = {isa = PBXBuildFile; fileRef = 921FF48E21BC6BFD00FCA806 /* VelaSDK.h */; settings = {ATTRIBUTES = (Public, ); }; };
		92C0863F2248FF8700BEA257 /* VCSPayloadInputController.swift in Sources */ = {isa = PBXBuildFile; fileRef = 92C086322248FF8500BEA257 /* VCSPayloadInputController.swift */; };
		92C086402248FF8700BEA257 /* VCSSMSAPI.swift in Sources */ = {isa = PBXBuildFile; fileRef = 92C086332248FF8500BEA257 /* VCSSMSAPI.swift */; };
		92C086412248FF8700BEA257 /* VCSUtil.swift in Sources */ = {isa = PBXBuildFile; fileRef = 92C086342248FF8500BEA257 /* VCSUtil.swift */; };
		92C086422248FF8700BEA257 /* SMSMessageComposer.swift in Sources */ = {isa = PBXBuildFile; fileRef = 92C086352248FF8500BEA257 /* SMSMessageComposer.swift */; };
		92C086432248FF8700BEA257 /* VCSSMSMessagePipeline.swift in Sources */ = {isa = PBXBuildFile; fileRef = 92C086362248FF8600BEA257 /* VCSSMSMessagePipeline.swift */; };
		92C086442248FF8700BEA257 /* VCSAPI.swift in Sources */ = {isa = PBXBuildFile; fileRef = 92C086372248FF8600BEA257 /* VCSAPI.swift */; };
		92C086452248FF8700BEA257 /* VCSExtensions.swift in Sources */ = {isa = PBXBuildFile; fileRef = 92C086382248FF8600BEA257 /* VCSExtensions.swift */; };
		92C086462248FF8700BEA257 /* VCSSMSUIViewController.swift in Sources */ = {isa = PBXBuildFile; fileRef = 92C086392248FF8600BEA257 /* VCSSMSUIViewController.swift */; };
		92C086472248FF8700BEA257 /* VCSSMSResponseHandler.swift in Sources */ = {isa = PBXBuildFile; fileRef = 92C0863A2248FF8600BEA257 /* VCSSMSResponseHandler.swift */; };
		92C086482248FF8700BEA257 /* SMSMessageTransmission.swift in Sources */ = {isa = PBXBuildFile; fileRef = 92C0863B2248FF8600BEA257 /* SMSMessageTransmission.swift */; };
		92C086492248FF8700BEA257 /* VCSOfflineUserPreference.swift in Sources */ = {isa = PBXBuildFile; fileRef = 92C0863C2248FF8600BEA257 /* VCSOfflineUserPreference.swift */; };
		92C0864A2248FF8700BEA257 /* AppIDGenerator.swift in Sources */ = {isa = PBXBuildFile; fileRef = 92C0863D2248FF8700BEA257 /* AppIDGenerator.swift */; };
		92C0864B2248FF8700BEA257 /* VCSPayloadInputController.xib in Resources */ = {isa = PBXBuildFile; fileRef = 92C0863E2248FF8700BEA257 /* VCSPayloadInputController.xib */; };
		BB29D78FD46C4BFF331B36AF /* Pods_VelaSDK.framework in Frameworks */ = {isa = PBXBuildFile; fileRef = 53061F2CC7D1329D188AB294 /* Pods_VelaSDK.framework */; };
		C83DFC20D601CDB9C6B40F40 /* Pods_VelaSDKTests.framework in Frameworks */ = {isa = PBXBuildFile; fileRef = 4E7137A2637A14762B13D757 /* Pods_VelaSDKTests.framework */; };
/* End PBXBuildFile section */

/* Begin PBXContainerItemProxy section */
		921FF49621BC6BFD00FCA806 /* PBXContainerItemProxy */ = {
			isa = PBXContainerItemProxy;
			containerPortal = 921FF48221BC6BFD00FCA806 /* Project object */;
			proxyType = 1;
			remoteGlobalIDString = 921FF48A21BC6BFD00FCA806;
			remoteInfo = VelaSDK;
		};
/* End PBXContainerItemProxy section */

/* Begin PBXFileReference section */
		2D574D881484A8DD666583B4 /* Pods-VelaSDK.debug.xcconfig */ = {isa = PBXFileReference; includeInIndex = 1; lastKnownFileType = text.xcconfig; name = "Pods-VelaSDK.debug.xcconfig"; path = "Pods/Target Support Files/Pods-VelaSDK/Pods-VelaSDK.debug.xcconfig"; sourceTree = "<group>"; };
		47F722D0AAA68DDEE136F880 /* Pods-VelaSDKTests.release.xcconfig */ = {isa = PBXFileReference; includeInIndex = 1; lastKnownFileType = text.xcconfig; name = "Pods-VelaSDKTests.release.xcconfig"; path = "Pods/Target Support Files/Pods-VelaSDKTests/Pods-VelaSDKTests.release.xcconfig"; sourceTree = "<group>"; };
		4E7137A2637A14762B13D757 /* Pods_VelaSDKTests.framework */ = {isa = PBXFileReference; explicitFileType = wrapper.framework; includeInIndex = 0; path = Pods_VelaSDKTests.framework; sourceTree = BUILT_PRODUCTS_DIR; };
		53061F2CC7D1329D188AB294 /* Pods_VelaSDK.framework */ = {isa = PBXFileReference; explicitFileType = wrapper.framework; includeInIndex = 0; path = Pods_VelaSDK.framework; sourceTree = BUILT_PRODUCTS_DIR; };
		6A22028AB8C4E7D9165FE1C6 /* Pods-VelaSDK-VelaSDKTests.debug.xcconfig */ = {isa = PBXFileReference; includeInIndex = 1; lastKnownFileType = text.xcconfig; name = "Pods-VelaSDK-VelaSDKTests.debug.xcconfig"; path = "Pods/Target Support Files/Pods-VelaSDK-VelaSDKTests/Pods-VelaSDK-VelaSDKTests.debug.xcconfig"; sourceTree = "<group>"; };
		812478958F6C43D2DD3E16F8 /* Pods-VelaSDKTests.debug.xcconfig */ = {isa = PBXFileReference; includeInIndex = 1; lastKnownFileType = text.xcconfig; name = "Pods-VelaSDKTests.debug.xcconfig"; path = "Pods/Target Support Files/Pods-VelaSDKTests/Pods-VelaSDKTests.debug.xcconfig"; sourceTree = "<group>"; };
		9219DD0121F0B4180057E739 /* LICENCE */ = {isa = PBXFileReference; lastKnownFileType = text; path = LICENCE; sourceTree = "<group>"; };
		921FF48B21BC6BFD00FCA806 /* VelaSDK.framework */ = {isa = PBXFileReference; explicitFileType = wrapper.framework; includeInIndex = 0; path = VelaSDK.framework; sourceTree = BUILT_PRODUCTS_DIR; };
		921FF48E21BC6BFD00FCA806 /* VelaSDK.h */ = {isa = PBXFileReference; lastKnownFileType = sourcecode.c.h; path = VelaSDK.h; sourceTree = "<group>"; };
		921FF48F21BC6BFD00FCA806 /* Info.plist */ = {isa = PBXFileReference; lastKnownFileType = text.plist.xml; path = Info.plist; sourceTree = "<group>"; };
		921FF49421BC6BFD00FCA806 /* VelaSDKTests.xctest */ = {isa = PBXFileReference; explicitFileType = wrapper.cfbundle; includeInIndex = 0; path = VelaSDKTests.xctest; sourceTree = BUILT_PRODUCTS_DIR; };
		921FF49921BC6BFD00FCA806 /* VelaSDKTests.swift */ = {isa = PBXFileReference; lastKnownFileType = sourcecode.swift; path = VelaSDKTests.swift; sourceTree = "<group>"; };
		921FF49B21BC6BFD00FCA806 /* Info.plist */ = {isa = PBXFileReference; lastKnownFileType = text.plist.xml; path = Info.plist; sourceTree = "<group>"; };
		92C086322248FF8500BEA257 /* VCSPayloadInputController.swift */ = {isa = PBXFileReference; fileEncoding = 4; lastKnownFileType = sourcecode.swift; path = VCSPayloadInputController.swift; sourceTree = "<group>"; };
		92C086332248FF8500BEA257 /* VCSSMSAPI.swift */ = {isa = PBXFileReference; fileEncoding = 4; lastKnownFileType = sourcecode.swift; path = VCSSMSAPI.swift; sourceTree = "<group>"; };
		92C086342248FF8500BEA257 /* VCSUtil.swift */ = {isa = PBXFileReference; fileEncoding = 4; lastKnownFileType = sourcecode.swift; path = VCSUtil.swift; sourceTree = "<group>"; };
		92C086352248FF8500BEA257 /* SMSMessageComposer.swift */ = {isa = PBXFileReference; fileEncoding = 4; lastKnownFileType = sourcecode.swift; path = SMSMessageComposer.swift; sourceTree = "<group>"; };
		92C086362248FF8600BEA257 /* VCSSMSMessagePipeline.swift */ = {isa = PBXFileReference; fileEncoding = 4; lastKnownFileType = sourcecode.swift; path = VCSSMSMessagePipeline.swift; sourceTree = "<group>"; };
		92C086372248FF8600BEA257 /* VCSAPI.swift */ = {isa = PBXFileReference; fileEncoding = 4; lastKnownFileType = sourcecode.swift; path = VCSAPI.swift; sourceTree = "<group>"; };
		92C086382248FF8600BEA257 /* VCSExtensions.swift */ = {isa = PBXFileReference; fileEncoding = 4; lastKnownFileType = sourcecode.swift; path = VCSExtensions.swift; sourceTree = "<group>"; };
		92C086392248FF8600BEA257 /* VCSSMSUIViewController.swift */ = {isa = PBXFileReference; fileEncoding = 4; lastKnownFileType = sourcecode.swift; path = VCSSMSUIViewController.swift; sourceTree = "<group>"; };
		92C0863A2248FF8600BEA257 /* VCSSMSResponseHandler.swift */ = {isa = PBXFileReference; fileEncoding = 4; lastKnownFileType = sourcecode.swift; path = VCSSMSResponseHandler.swift; sourceTree = "<group>"; };
		92C0863B2248FF8600BEA257 /* SMSMessageTransmission.swift */ = {isa = PBXFileReference; fileEncoding = 4; lastKnownFileType = sourcecode.swift; path = SMSMessageTransmission.swift; sourceTree = "<group>"; };
		92C0863C2248FF8600BEA257 /* VCSOfflineUserPreference.swift */ = {isa = PBXFileReference; fileEncoding = 4; lastKnownFileType = sourcecode.swift; path = VCSOfflineUserPreference.swift; sourceTree = "<group>"; };
		92C0863D2248FF8700BEA257 /* AppIDGenerator.swift */ = {isa = PBXFileReference; fileEncoding = 4; lastKnownFileType = sourcecode.swift; path = AppIDGenerator.swift; sourceTree = "<group>"; };
		92C0863E2248FF8700BEA257 /* VCSPayloadInputController.xib */ = {isa = PBXFileReference; fileEncoding = 4; lastKnownFileType = file.xib; path = VCSPayloadInputController.xib; sourceTree = "<group>"; };
		92DDCB0221F074C90019A41B /* README.md */ = {isa = PBXFileReference; lastKnownFileType = net.daringfireball.markdown; path = README.md; sourceTree = "<group>"; };
		BE675EC927BFDCA2CF9A68B8 /* Pods_VelaSDK_VelaSDKTests.framework */ = {isa = PBXFileReference; explicitFileType = wrapper.framework; includeInIndex = 0; path = Pods_VelaSDK_VelaSDKTests.framework; sourceTree = BUILT_PRODUCTS_DIR; };
		C26EABA5B3FB6CBEE0EE1D8E /* Pods-VelaSDK-VelaSDKTests.release.xcconfig */ = {isa = PBXFileReference; includeInIndex = 1; lastKnownFileType = text.xcconfig; name = "Pods-VelaSDK-VelaSDKTests.release.xcconfig"; path = "Pods/Target Support Files/Pods-VelaSDK-VelaSDKTests/Pods-VelaSDK-VelaSDKTests.release.xcconfig"; sourceTree = "<group>"; };
		EE97B625D8876A7D66D93B32 /* Pods-VelaSDK.release.xcconfig */ = {isa = PBXFileReference; includeInIndex = 1; lastKnownFileType = text.xcconfig; name = "Pods-VelaSDK.release.xcconfig"; path = "Pods/Target Support Files/Pods-VelaSDK/Pods-VelaSDK.release.xcconfig"; sourceTree = "<group>"; };
/* End PBXFileReference section */

/* Begin PBXFrameworksBuildPhase section */
		921FF48821BC6BFD00FCA806 /* Frameworks */ = {
			isa = PBXFrameworksBuildPhase;
			buildActionMask = 2147483647;
			files = (
				BB29D78FD46C4BFF331B36AF /* Pods_VelaSDK.framework in Frameworks */,
			);
			runOnlyForDeploymentPostprocessing = 0;
		};
		921FF49121BC6BFD00FCA806 /* Frameworks */ = {
			isa = PBXFrameworksBuildPhase;
			buildActionMask = 2147483647;
			files = (
				921FF49521BC6BFD00FCA806 /* VelaSDK.framework in Frameworks */,
				302D67E5B4282F6E60BFEE5E /* Pods_VelaSDK_VelaSDKTests.framework in Frameworks */,
				C83DFC20D601CDB9C6B40F40 /* Pods_VelaSDKTests.framework in Frameworks */,
			);
			runOnlyForDeploymentPostprocessing = 0;
		};
/* End PBXFrameworksBuildPhase section */

/* Begin PBXGroup section */
		6A6E855F0E313309E335A945 /* Pods */ = {
			isa = PBXGroup;
			children = (
				2D574D881484A8DD666583B4 /* Pods-VelaSDK.debug.xcconfig */,
				EE97B625D8876A7D66D93B32 /* Pods-VelaSDK.release.xcconfig */,
				812478958F6C43D2DD3E16F8 /* Pods-VelaSDKTests.debug.xcconfig */,
				47F722D0AAA68DDEE136F880 /* Pods-VelaSDKTests.release.xcconfig */,
				6A22028AB8C4E7D9165FE1C6 /* Pods-VelaSDK-VelaSDKTests.debug.xcconfig */,
				C26EABA5B3FB6CBEE0EE1D8E /* Pods-VelaSDK-VelaSDKTests.release.xcconfig */,
			);
			name = Pods;
			sourceTree = "<group>";
		};
		921FF48121BC6BFD00FCA806 = {
			isa = PBXGroup;
			children = (
				9219DD0121F0B4180057E739 /* LICENCE */,
				921FF48D21BC6BFD00FCA806 /* VelaSDK */,
				921FF49821BC6BFD00FCA806 /* VelaSDKTests */,
				921FF48C21BC6BFD00FCA806 /* Products */,
				6A6E855F0E313309E335A945 /* Pods */,
				E0FC7CD5475A83188796F745 /* Frameworks */,
				92DDCB0221F074C90019A41B /* README.md */,
			);
			sourceTree = "<group>";
		};
		921FF48C21BC6BFD00FCA806 /* Products */ = {
			isa = PBXGroup;
			children = (
				921FF48B21BC6BFD00FCA806 /* VelaSDK.framework */,
				921FF49421BC6BFD00FCA806 /* VelaSDKTests.xctest */,
			);
			name = Products;
			sourceTree = "<group>";
		};
		921FF48D21BC6BFD00FCA806 /* VelaSDK */ = {
			isa = PBXGroup;
			children = (
				92C0863D2248FF8700BEA257 /* AppIDGenerator.swift */,
				92C086352248FF8500BEA257 /* SMSMessageComposer.swift */,
				92C0863B2248FF8600BEA257 /* SMSMessageTransmission.swift */,
				92C086372248FF8600BEA257 /* VCSAPI.swift */,
				92C086382248FF8600BEA257 /* VCSExtensions.swift */,
				92C0863C2248FF8600BEA257 /* VCSOfflineUserPreference.swift */,
				92C086322248FF8500BEA257 /* VCSPayloadInputController.swift */,
				92C0863E2248FF8700BEA257 /* VCSPayloadInputController.xib */,
				92C086332248FF8500BEA257 /* VCSSMSAPI.swift */,
				92C086362248FF8600BEA257 /* VCSSMSMessagePipeline.swift */,
				92C0863A2248FF8600BEA257 /* VCSSMSResponseHandler.swift */,
				92C086392248FF8600BEA257 /* VCSSMSUIViewController.swift */,
				92C086342248FF8500BEA257 /* VCSUtil.swift */,
				921FF48E21BC6BFD00FCA806 /* VelaSDK.h */,
				921FF48F21BC6BFD00FCA806 /* Info.plist */,
			);
			path = VelaSDK;
			sourceTree = "<group>";
		};
		921FF49821BC6BFD00FCA806 /* VelaSDKTests */ = {
			isa = PBXGroup;
			children = (
				921FF49921BC6BFD00FCA806 /* VelaSDKTests.swift */,
				921FF49B21BC6BFD00FCA806 /* Info.plist */,
			);
			path = VelaSDKTests;
			sourceTree = "<group>";
		};
		E0FC7CD5475A83188796F745 /* Frameworks */ = {
			isa = PBXGroup;
			children = (
				53061F2CC7D1329D188AB294 /* Pods_VelaSDK.framework */,
				4E7137A2637A14762B13D757 /* Pods_VelaSDKTests.framework */,
				BE675EC927BFDCA2CF9A68B8 /* Pods_VelaSDK_VelaSDKTests.framework */,
			);
			name = Frameworks;
			sourceTree = "<group>";
		};
/* End PBXGroup section */

/* Begin PBXHeadersBuildPhase section */
		921FF48621BC6BFD00FCA806 /* Headers */ = {
			isa = PBXHeadersBuildPhase;
			buildActionMask = 2147483647;
			files = (
				921FF49C21BC6BFD00FCA806 /* VelaSDK.h in Headers */,
			);
			runOnlyForDeploymentPostprocessing = 0;
		};
/* End PBXHeadersBuildPhase section */

/* Begin PBXNativeTarget section */
		921FF48A21BC6BFD00FCA806 /* VelaSDK */ = {
			isa = PBXNativeTarget;
			buildConfigurationList = 921FF49F21BC6BFD00FCA806 /* Build configuration list for PBXNativeTarget "VelaSDK" */;
			buildPhases = (
				57BB6BDDDABFC4D240C203BB /* [CP] Check Pods Manifest.lock */,
				921FF48621BC6BFD00FCA806 /* Headers */,
				921FF48721BC6BFD00FCA806 /* Sources */,
				921FF48821BC6BFD00FCA806 /* Frameworks */,
				921FF48921BC6BFD00FCA806 /* Resources */,
			);
			buildRules = (
			);
			dependencies = (
			);
			name = VelaSDK;
			productName = VelaSDK;
			productReference = 921FF48B21BC6BFD00FCA806 /* VelaSDK.framework */;
			productType = "com.apple.product-type.framework";
		};
		921FF49321BC6BFD00FCA806 /* VelaSDKTests */ = {
			isa = PBXNativeTarget;
			buildConfigurationList = 921FF4A221BC6BFD00FCA806 /* Build configuration list for PBXNativeTarget "VelaSDKTests" */;
			buildPhases = (
				7719B4AB2AEA77EF0DB7B6E3 /* [CP] Check Pods Manifest.lock */,
				921FF49021BC6BFD00FCA806 /* Sources */,
				921FF49121BC6BFD00FCA806 /* Frameworks */,
				921FF49221BC6BFD00FCA806 /* Resources */,
				ED7267C4E2337E576FBEA18B /* [CP] Embed Pods Frameworks */,
			);
			buildRules = (
			);
			dependencies = (
				921FF49721BC6BFD00FCA806 /* PBXTargetDependency */,
			);
			name = VelaSDKTests;
			productName = VelaSDKTests;
			productReference = 921FF49421BC6BFD00FCA806 /* VelaSDKTests.xctest */;
			productType = "com.apple.product-type.bundle.unit-test";
		};
/* End PBXNativeTarget section */

/* Begin PBXProject section */
		921FF48221BC6BFD00FCA806 /* Project object */ = {
			isa = PBXProject;
			attributes = {
				LastSwiftUpdateCheck = 1000;
				LastUpgradeCheck = 1000;
				ORGANIZATIONNAME = "Igbalajobi Elias";
				TargetAttributes = {
					921FF48A21BC6BFD00FCA806 = {
						CreatedOnToolsVersion = 10.0;
						LastSwiftMigration = 1010;
					};
					921FF49321BC6BFD00FCA806 = {
						CreatedOnToolsVersion = 10.0;
					};
				};
			};
			buildConfigurationList = 921FF48521BC6BFD00FCA806 /* Build configuration list for PBXProject "VelaSDK" */;
			compatibilityVersion = "Xcode 9.3";
			developmentRegion = en;
			hasScannedForEncodings = 0;
			knownRegions = (
				en,
			);
			mainGroup = 921FF48121BC6BFD00FCA806;
			productRefGroup = 921FF48C21BC6BFD00FCA806 /* Products */;
			projectDirPath = "";
			projectRoot = "";
			targets = (
				921FF48A21BC6BFD00FCA806 /* VelaSDK */,
				921FF49321BC6BFD00FCA806 /* VelaSDKTests */,
			);
		};
/* End PBXProject section */

/* Begin PBXResourcesBuildPhase section */
		921FF48921BC6BFD00FCA806 /* Resources */ = {
			isa = PBXResourcesBuildPhase;
			buildActionMask = 2147483647;
			files = (
				92C0864B2248FF8700BEA257 /* VCSPayloadInputController.xib in Resources */,
				9219DD0221F0B4180057E739 /* LICENCE in Resources */,
			);
			runOnlyForDeploymentPostprocessing = 0;
		};
		921FF49221BC6BFD00FCA806 /* Resources */ = {
			isa = PBXResourcesBuildPhase;
			buildActionMask = 2147483647;
			files = (
			);
			runOnlyForDeploymentPostprocessing = 0;
		};
/* End PBXResourcesBuildPhase section */

/* Begin PBXShellScriptBuildPhase section */
		57BB6BDDDABFC4D240C203BB /* [CP] Check Pods Manifest.lock */ = {
			isa = PBXShellScriptBuildPhase;
			buildActionMask = 2147483647;
			files = (
			);
			inputPaths = (
				"${PODS_PODFILE_DIR_PATH}/Podfile.lock",
				"${PODS_ROOT}/Manifest.lock",
			);
			name = "[CP] Check Pods Manifest.lock";
			outputPaths = (
				"$(DERIVED_FILE_DIR)/Pods-VelaSDK-checkManifestLockResult.txt",
			);
			runOnlyForDeploymentPostprocessing = 0;
			shellPath = /bin/sh;
			shellScript = "diff \"${PODS_PODFILE_DIR_PATH}/Podfile.lock\" \"${PODS_ROOT}/Manifest.lock\" > /dev/null\nif [ $? != 0 ] ; then\n    # print error to STDERR\n    echo \"error: The sandbox is not in sync with the Podfile.lock. Run 'pod install' or update your CocoaPods installation.\" >&2\n    exit 1\nfi\n# This output is used by Xcode 'outputs' to avoid re-running this script phase.\necho \"SUCCESS\" > \"${SCRIPT_OUTPUT_FILE_0}\"\n";
			showEnvVarsInLog = 0;
		};
		7719B4AB2AEA77EF0DB7B6E3 /* [CP] Check Pods Manifest.lock */ = {
			isa = PBXShellScriptBuildPhase;
			buildActionMask = 2147483647;
			files = (
			);
			inputPaths = (
				"${PODS_PODFILE_DIR_PATH}/Podfile.lock",
				"${PODS_ROOT}/Manifest.lock",
			);
			name = "[CP] Check Pods Manifest.lock";
			outputPaths = (
				"$(DERIVED_FILE_DIR)/Pods-VelaSDKTests-checkManifestLockResult.txt",
			);
			runOnlyForDeploymentPostprocessing = 0;
			shellPath = /bin/sh;
			shellScript = "diff \"${PODS_PODFILE_DIR_PATH}/Podfile.lock\" \"${PODS_ROOT}/Manifest.lock\" > /dev/null\nif [ $? != 0 ] ; then\n    # print error to STDERR\n    echo \"error: The sandbox is not in sync with the Podfile.lock. Run 'pod install' or update your CocoaPods installation.\" >&2\n    exit 1\nfi\n# This output is used by Xcode 'outputs' to avoid re-running this script phase.\necho \"SUCCESS\" > \"${SCRIPT_OUTPUT_FILE_0}\"\n";
			showEnvVarsInLog = 0;
		};
		ED7267C4E2337E576FBEA18B /* [CP] Embed Pods Frameworks */ = {
			isa = PBXShellScriptBuildPhase;
			buildActionMask = 2147483647;
			files = (
			);
			inputPaths = (
				"${SRCROOT}/Pods/Target Support Files/Pods-VelaSDKTests/Pods-VelaSDKTests-frameworks.sh",
				"${BUILT_PRODUCTS_DIR}/CryptoSwift/CryptoSwift.framework",
				"${BUILT_PRODUCTS_DIR}/DynamicBlurView/DynamicBlurView.framework",
				"${BUILT_PRODUCTS_DIR}/PopupDialog/PopupDialog.framework",
			);
			name = "[CP] Embed Pods Frameworks";
			outputPaths = (
				"${TARGET_BUILD_DIR}/${FRAMEWORKS_FOLDER_PATH}/CryptoSwift.framework",
				"${TARGET_BUILD_DIR}/${FRAMEWORKS_FOLDER_PATH}/DynamicBlurView.framework",
				"${TARGET_BUILD_DIR}/${FRAMEWORKS_FOLDER_PATH}/PopupDialog.framework",
			);
			runOnlyForDeploymentPostprocessing = 0;
			shellPath = /bin/sh;
			shellScript = "\"${SRCROOT}/Pods/Target Support Files/Pods-VelaSDKTests/Pods-VelaSDKTests-frameworks.sh\"\n";
			showEnvVarsInLog = 0;
		};
/* End PBXShellScriptBuildPhase section */

/* Begin PBXSourcesBuildPhase section */
		921FF48721BC6BFD00FCA806 /* Sources */ = {
			isa = PBXSourcesBuildPhase;
			buildActionMask = 2147483647;
			files = (
				92C086452248FF8700BEA257 /* VCSExtensions.swift in Sources */,
				92C086482248FF8700BEA257 /* SMSMessageTransmission.swift in Sources */,
				92C0863F2248FF8700BEA257 /* VCSPayloadInputController.swift in Sources */,
				92C086492248FF8700BEA257 /* VCSOfflineUserPreference.swift in Sources */,
				92C0864A2248FF8700BEA257 /* AppIDGenerator.swift in Sources */,
				92C086442248FF8700BEA257 /* VCSAPI.swift in Sources */,
				92C086462248FF8700BEA257 /* VCSSMSUIViewController.swift in Sources */,
				92C086402248FF8700BEA257 /* VCSSMSAPI.swift in Sources */,
				92C086412248FF8700BEA257 /* VCSUtil.swift in Sources */,
				92C086472248FF8700BEA257 /* VCSSMSResponseHandler.swift in Sources */,
				92C086422248FF8700BEA257 /* SMSMessageComposer.swift in Sources */,
				92C086432248FF8700BEA257 /* VCSSMSMessagePipeline.swift in Sources */,
			);
			runOnlyForDeploymentPostprocessing = 0;
		};
		921FF49021BC6BFD00FCA806 /* Sources */ = {
			isa = PBXSourcesBuildPhase;
			buildActionMask = 2147483647;
			files = (
				921FF49A21BC6BFD00FCA806 /* VelaSDKTests.swift in Sources */,
			);
			runOnlyForDeploymentPostprocessing = 0;
		};
/* End PBXSourcesBuildPhase section */

/* Begin PBXTargetDependency section */
		921FF49721BC6BFD00FCA806 /* PBXTargetDependency */ = {
			isa = PBXTargetDependency;
			target = 921FF48A21BC6BFD00FCA806 /* VelaSDK */;
			targetProxy = 921FF49621BC6BFD00FCA806 /* PBXContainerItemProxy */;
		};
/* End PBXTargetDependency section */

/* Begin XCBuildConfiguration section */
		921FF49D21BC6BFD00FCA806 /* Debug */ = {
			isa = XCBuildConfiguration;
			buildSettings = {
				ALWAYS_SEARCH_USER_PATHS = NO;
				CLANG_ANALYZER_NONNULL = YES;
				CLANG_ANALYZER_NUMBER_OBJECT_CONVERSION = YES_AGGRESSIVE;
				CLANG_CXX_LANGUAGE_STANDARD = "gnu++14";
				CLANG_CXX_LIBRARY = "libc++";
				CLANG_ENABLE_MODULES = YES;
				CLANG_ENABLE_OBJC_ARC = YES;
				CLANG_ENABLE_OBJC_WEAK = YES;
				CLANG_WARN_BLOCK_CAPTURE_AUTORELEASING = YES;
				CLANG_WARN_BOOL_CONVERSION = YES;
				CLANG_WARN_COMMA = YES;
				CLANG_WARN_CONSTANT_CONVERSION = YES;
				CLANG_WARN_DEPRECATED_OBJC_IMPLEMENTATIONS = YES;
				CLANG_WARN_DIRECT_OBJC_ISA_USAGE = YES_ERROR;
				CLANG_WARN_DOCUMENTATION_COMMENTS = YES;
				CLANG_WARN_EMPTY_BODY = YES;
				CLANG_WARN_ENUM_CONVERSION = YES;
				CLANG_WARN_INFINITE_RECURSION = YES;
				CLANG_WARN_INT_CONVERSION = YES;
				CLANG_WARN_NON_LITERAL_NULL_CONVERSION = YES;
				CLANG_WARN_OBJC_IMPLICIT_RETAIN_SELF = YES;
				CLANG_WARN_OBJC_LITERAL_CONVERSION = YES;
				CLANG_WARN_OBJC_ROOT_CLASS = YES_ERROR;
				CLANG_WARN_RANGE_LOOP_ANALYSIS = YES;
				CLANG_WARN_STRICT_PROTOTYPES = YES;
				CLANG_WARN_SUSPICIOUS_MOVE = YES;
				CLANG_WARN_UNGUARDED_AVAILABILITY = YES_AGGRESSIVE;
				CLANG_WARN_UNREACHABLE_CODE = YES;
				CLANG_WARN__DUPLICATE_METHOD_MATCH = YES;
				CODE_SIGN_IDENTITY = "iPhone Developer";
				COPY_PHASE_STRIP = NO;
				CURRENT_PROJECT_VERSION = 1;
				DEBUG_INFORMATION_FORMAT = dwarf;
				ENABLE_STRICT_OBJC_MSGSEND = YES;
				ENABLE_TESTABILITY = YES;
				GCC_C_LANGUAGE_STANDARD = gnu11;
				GCC_DYNAMIC_NO_PIC = NO;
				GCC_NO_COMMON_BLOCKS = YES;
				GCC_OPTIMIZATION_LEVEL = 0;
				GCC_PREPROCESSOR_DEFINITIONS = (
					"DEBUG=1",
					"$(inherited)",
				);
				GCC_WARN_64_TO_32_BIT_CONVERSION = YES;
				GCC_WARN_ABOUT_RETURN_TYPE = YES_ERROR;
				GCC_WARN_UNDECLARED_SELECTOR = YES;
				GCC_WARN_UNINITIALIZED_AUTOS = YES_AGGRESSIVE;
				GCC_WARN_UNUSED_FUNCTION = YES;
				GCC_WARN_UNUSED_VARIABLE = YES;
				IPHONEOS_DEPLOYMENT_TARGET = 10.0;
				MTL_ENABLE_DEBUG_INFO = INCLUDE_SOURCE;
				MTL_FAST_MATH = YES;
				ONLY_ACTIVE_ARCH = YES;
				SDKROOT = iphoneos;
				SWIFT_ACTIVE_COMPILATION_CONDITIONS = DEBUG;
				SWIFT_OPTIMIZATION_LEVEL = "-Onone";
				VERSIONING_SYSTEM = "apple-generic";
				VERSION_INFO_PREFIX = "";
			};
			name = Debug;
		};
		921FF49E21BC6BFD00FCA806 /* Release */ = {
			isa = XCBuildConfiguration;
			buildSettings = {
				ALWAYS_SEARCH_USER_PATHS = NO;
				CLANG_ANALYZER_NONNULL = YES;
				CLANG_ANALYZER_NUMBER_OBJECT_CONVERSION = YES_AGGRESSIVE;
				CLANG_CXX_LANGUAGE_STANDARD = "gnu++14";
				CLANG_CXX_LIBRARY = "libc++";
				CLANG_ENABLE_MODULES = YES;
				CLANG_ENABLE_OBJC_ARC = YES;
				CLANG_ENABLE_OBJC_WEAK = YES;
				CLANG_WARN_BLOCK_CAPTURE_AUTORELEASING = YES;
				CLANG_WARN_BOOL_CONVERSION = YES;
				CLANG_WARN_COMMA = YES;
				CLANG_WARN_CONSTANT_CONVERSION = YES;
				CLANG_WARN_DEPRECATED_OBJC_IMPLEMENTATIONS = YES;
				CLANG_WARN_DIRECT_OBJC_ISA_USAGE = YES_ERROR;
				CLANG_WARN_DOCUMENTATION_COMMENTS = YES;
				CLANG_WARN_EMPTY_BODY = YES;
				CLANG_WARN_ENUM_CONVERSION = YES;
				CLANG_WARN_INFINITE_RECURSION = YES;
				CLANG_WARN_INT_CONVERSION = YES;
				CLANG_WARN_NON_LITERAL_NULL_CONVERSION = YES;
				CLANG_WARN_OBJC_IMPLICIT_RETAIN_SELF = YES;
				CLANG_WARN_OBJC_LITERAL_CONVERSION = YES;
				CLANG_WARN_OBJC_ROOT_CLASS = YES_ERROR;
				CLANG_WARN_RANGE_LOOP_ANALYSIS = YES;
				CLANG_WARN_STRICT_PROTOTYPES = YES;
				CLANG_WARN_SUSPICIOUS_MOVE = YES;
				CLANG_WARN_UNGUARDED_AVAILABILITY = YES_AGGRESSIVE;
				CLANG_WARN_UNREACHABLE_CODE = YES;
				CLANG_WARN__DUPLICATE_METHOD_MATCH = YES;
				CODE_SIGN_IDENTITY = "iPhone Developer";
				COPY_PHASE_STRIP = NO;
				CURRENT_PROJECT_VERSION = 1;
				DEBUG_INFORMATION_FORMAT = "dwarf-with-dsym";
				ENABLE_NS_ASSERTIONS = NO;
				ENABLE_STRICT_OBJC_MSGSEND = YES;
				GCC_C_LANGUAGE_STANDARD = gnu11;
				GCC_NO_COMMON_BLOCKS = YES;
				GCC_WARN_64_TO_32_BIT_CONVERSION = YES;
				GCC_WARN_ABOUT_RETURN_TYPE = YES_ERROR;
				GCC_WARN_UNDECLARED_SELECTOR = YES;
				GCC_WARN_UNINITIALIZED_AUTOS = YES_AGGRESSIVE;
				GCC_WARN_UNUSED_FUNCTION = YES;
				GCC_WARN_UNUSED_VARIABLE = YES;
				IPHONEOS_DEPLOYMENT_TARGET = 10.0;
				MTL_ENABLE_DEBUG_INFO = NO;
				MTL_FAST_MATH = YES;
				SDKROOT = iphoneos;
				SWIFT_COMPILATION_MODE = wholemodule;
				SWIFT_OPTIMIZATION_LEVEL = "-O";
				VALIDATE_PRODUCT = YES;
				VERSIONING_SYSTEM = "apple-generic";
				VERSION_INFO_PREFIX = "";
			};
			name = Release;
		};
		921FF4A021BC6BFD00FCA806 /* Debug */ = {
			isa = XCBuildConfiguration;
			baseConfigurationReference = 2D574D881484A8DD666583B4 /* Pods-VelaSDK.debug.xcconfig */;
			buildSettings = {
				CLANG_ENABLE_MODULES = YES;
				CODE_SIGN_IDENTITY = "";
				CODE_SIGN_STYLE = Automatic;
				DEFINES_MODULE = YES;
				DEVELOPMENT_TEAM = F6EB72G8E4;
				DYLIB_COMPATIBILITY_VERSION = 1;
				DYLIB_CURRENT_VERSION = 1;
				DYLIB_INSTALL_NAME_BASE = "@rpath";
				INFOPLIST_FILE = VelaSDK/Info.plist;
				INSTALL_PATH = "$(LOCAL_LIBRARY_DIR)/Frameworks";
				IPHONEOS_DEPLOYMENT_TARGET = 12.1;
				LD_RUNPATH_SEARCH_PATHS = (
					"$(inherited)",
					"@executable_path/Frameworks",
					"@loader_path/Frameworks",
				);
				PRODUCT_BUNDLE_IDENTIFIER = ios.velabank.VelaSDK;
				PRODUCT_NAME = "$(TARGET_NAME:c99extidentifier)";
				SKIP_INSTALL = YES;
				SWIFT_OPTIMIZATION_LEVEL = "-Onone";
				SWIFT_VERSION = 4.2;
				TARGETED_DEVICE_FAMILY = "1,2";
			};
			name = Debug;
		};
		921FF4A121BC6BFD00FCA806 /* Release */ = {
			isa = XCBuildConfiguration;
			baseConfigurationReference = EE97B625D8876A7D66D93B32 /* Pods-VelaSDK.release.xcconfig */;
			buildSettings = {
				CLANG_ENABLE_MODULES = YES;
				CODE_SIGN_IDENTITY = "";
				CODE_SIGN_STYLE = Automatic;
				DEFINES_MODULE = YES;
				DEVELOPMENT_TEAM = F6EB72G8E4;
				DYLIB_COMPATIBILITY_VERSION = 1;
				DYLIB_CURRENT_VERSION = 1;
				DYLIB_INSTALL_NAME_BASE = "@rpath";
				INFOPLIST_FILE = VelaSDK/Info.plist;
				INSTALL_PATH = "$(LOCAL_LIBRARY_DIR)/Frameworks";
				IPHONEOS_DEPLOYMENT_TARGET = 12.1;
				LD_RUNPATH_SEARCH_PATHS = (
					"$(inherited)",
					"@executable_path/Frameworks",
					"@loader_path/Frameworks",
				);
				PRODUCT_BUNDLE_IDENTIFIER = ios.velabank.VelaSDK;
				PRODUCT_NAME = "$(TARGET_NAME:c99extidentifier)";
				SKIP_INSTALL = YES;
				SWIFT_VERSION = 4.2;
				TARGETED_DEVICE_FAMILY = "1,2";
			};
			name = Release;
		};
		921FF4A321BC6BFD00FCA806 /* Debug */ = {
			isa = XCBuildConfiguration;
			baseConfigurationReference = 812478958F6C43D2DD3E16F8 /* Pods-VelaSDKTests.debug.xcconfig */;
			buildSettings = {
				CODE_SIGN_STYLE = Automatic;
				DEVELOPMENT_TEAM = F6EB72G8E4;
				INFOPLIST_FILE = VelaSDKTests/Info.plist;
				LD_RUNPATH_SEARCH_PATHS = (
					"$(inherited)",
					"@executable_path/Frameworks",
					"@loader_path/Frameworks",
				);
				PRODUCT_BUNDLE_IDENTIFIER = ios.velabank.VelaSDKTests;
				PRODUCT_NAME = "$(TARGET_NAME)";
				SWIFT_VERSION = 4.2;
				TARGETED_DEVICE_FAMILY = "1,2";
			};
			name = Debug;
		};
		921FF4A421BC6BFD00FCA806 /* Release */ = {
			isa = XCBuildConfiguration;
			baseConfigurationReference = 47F722D0AAA68DDEE136F880 /* Pods-VelaSDKTests.release.xcconfig */;
			buildSettings = {
				CODE_SIGN_STYLE = Automatic;
				DEVELOPMENT_TEAM = F6EB72G8E4;
				INFOPLIST_FILE = VelaSDKTests/Info.plist;
				LD_RUNPATH_SEARCH_PATHS = (
					"$(inherited)",
					"@executable_path/Frameworks",
					"@loader_path/Frameworks",
				);
				PRODUCT_BUNDLE_IDENTIFIER = ios.velabank.VelaSDKTests;
				PRODUCT_NAME = "$(TARGET_NAME)";
				SWIFT_VERSION = 4.2;
				TARGETED_DEVICE_FAMILY = "1,2";
			};
			name = Release;
		};
/* End XCBuildConfiguration section */

/* Begin XCConfigurationList section */
		921FF48521BC6BFD00FCA806 /* Build configuration list for PBXProject "VelaSDK" */ = {
			isa = XCConfigurationList;
			buildConfigurations = (
				921FF49D21BC6BFD00FCA806 /* Debug */,
				921FF49E21BC6BFD00FCA806 /* Release */,
			);
			defaultConfigurationIsVisible = 0;
			defaultConfigurationName = Release;
		};
		921FF49F21BC6BFD00FCA806 /* Build configuration list for PBXNativeTarget "VelaSDK" */ = {
			isa = XCConfigurationList;
			buildConfigurations = (
				921FF4A021BC6BFD00FCA806 /* Debug */,
				921FF4A121BC6BFD00FCA806 /* Release */,
			);
			defaultConfigurationIsVisible = 0;
			defaultConfigurationName = Release;
		};
		921FF4A221BC6BFD00FCA806 /* Build configuration list for PBXNativeTarget "VelaSDKTests" */ = {
			isa = XCConfigurationList;
			buildConfigurations = (
				921FF4A321BC6BFD00FCA806 /* Debug */,
				921FF4A421BC6BFD00FCA806 /* Release */,
			);
			defaultConfigurationIsVisible = 0;
			defaultConfigurationName = Release;
		};
/* End XCConfigurationList section */
	};
	rootObject = 921FF48221BC6BFD00FCA806 /* Project object */;
}
